
Microsoft Visual Studio Solution File, Format Version 12.00
# Visual Studio Version 17
VisualStudioVersion = 17.9.34723.18
MinimumVisualStudioVersion = 10.0.40219.1
Project("{FAE04EC0-301F-11D3-BF4B-00C04F79EFBC}") = "assignment6", "assignment6\assignment6.csproj", "{91888293-6B87-48F8-820D-768B3854EEE4}"
EndProject
Global
	GlobalSection(SolutionConfigurationPlatforms) = preSolution
		Debug|Any CPU = Debug|Any CPU
		Release|Any CPU = Release|Any CPU
	EndGlobalSection
	GlobalSection(ProjectConfigurationPlatforms) = postSolution
		{91888293-6B87-48F8-820D-768B3854EEE4}.Debug|Any CPU.ActiveCfg = Debug|Any CPU
		{91888293-6B87-48F8-820D-768B3854EEE4}.Debug|Any CPU.Build.0 = Debug|Any CPU
		{91888293-6B87-48F8-820D-768B3854EEE4}.Release|Any CPU.ActiveCfg = Release|Any CPU
		{91888293-6B87-48F8-820D-768B3854EEE4}.Release|Any CPU.Build.0 = Release|Any CPU
	EndGlobalSection
	GlobalSection(SolutionProperties) = preSolution
		HideSolutionNode = FALSE
	EndGlobalSection
	GlobalSection(ExtensibilityGlobals) = postSolution
		SolutionGuid = {DE2AD3E8-8A5C-49AB-A1AF-994635C97CBC}
	EndGlobalSection
EndGlobal
